
Microsoft Visual Studio Solution File, Format Version 12.00
# Visual Studio Version 16
VisualStudioVersion = 16.0.29728.190
MinimumVisualStudioVersion = 10.0.40219.1
Project("{FAE04EC0-301F-11D3-BF4B-00C04F79EFBC}") = "BattleShipGame", "BattleShipGame\BattleShipGame.csproj", "{55465390-DEC2-4BBE-9BF4-09C59234AD9D}"
EndProject
Global
	GlobalSection(SolutionConfigurationPlatforms) = preSolution
		Debug|Any CPU = Debug|Any CPU
		Release|Any CPU = Release|Any CPU
	EndGlobalSection
	GlobalSection(ProjectConfigurationPlatforms) = postSolution
		{55465390-DEC2-4BBE-9BF4-09C59234AD9D}.Debug|Any CPU.ActiveCfg = Debug|Any CPU
		{55465390-DEC2-4BBE-9BF4-09C59234AD9D}.Debug|Any CPU.Build.0 = Debug|Any CPU
		{55465390-DEC2-4BBE-9BF4-09C59234AD9D}.Release|Any CPU.ActiveCfg = Release|Any CPU
		{55465390-DEC2-4BBE-9BF4-09C59234AD9D}.Release|Any CPU.Build.0 = Release|Any CPU
	EndGlobalSection
	GlobalSection(SolutionProperties) = preSolution
		HideSolutionNode = FALSE
	EndGlobalSection
	GlobalSection(ExtensibilityGlobals) = postSolution
		SolutionGuid = {DD9443C2-4D41-4661-BC3A-73B02EAFB426}
	EndGlobalSection
EndGlobal
